
Microsoft Visual Studio Solution File, Format Version 12.00
# Visual Studio Version 16
VisualStudioVersion = 16.0.30309.148
MinimumVisualStudioVersion = 10.0.40219.1
Project("{FAE04EC0-301F-11D3-BF4B-00C04F79EFBC}") = "1045 Tipos de Triangulo URI", "1045 Tipos de Triangulo URI\1045 Tipos de Triangulo URI.csproj", "{262D8471-5534-40BC-95CE-9C8FF38D5CF5}"
EndProject
Global
	GlobalSection(SolutionConfigurationPlatforms) = preSolution
		Debug|Any CPU = Debug|Any CPU
		Release|Any CPU = Release|Any CPU
	EndGlobalSection
	GlobalSection(ProjectConfigurationPlatforms) = postSolution
		{262D8471-5534-40BC-95CE-9C8FF38D5CF5}.Debug|Any CPU.ActiveCfg = Debug|Any CPU
		{262D8471-5534-40BC-95CE-9C8FF38D5CF5}.Debug|Any CPU.Build.0 = Debug|Any CPU
		{262D8471-5534-40BC-95CE-9C8FF38D5CF5}.Release|Any CPU.ActiveCfg = Release|Any CPU
		{262D8471-5534-40BC-95CE-9C8FF38D5CF5}.Release|Any CPU.Build.0 = Release|Any CPU
	EndGlobalSection
	GlobalSection(SolutionProperties) = preSolution
		HideSolutionNode = FALSE
	EndGlobalSection
	GlobalSection(ExtensibilityGlobals) = postSolution
		SolutionGuid = {4D9FC020-FABD-424C-89B6-4E33C483947B}
	EndGlobalSection
EndGlobal
