
Microsoft Visual Studio Solution File, Format Version 12.00
# Visual Studio Version 16
VisualStudioVersion = 16.0.30320.27
MinimumVisualStudioVersion = 10.0.40219.1
Project("{FAE04EC0-301F-11D3-BF4B-00C04F79EFBC}") = "1073 Quadrado de Pares URI", "1073 Quadrado de Pares URI\1073 Quadrado de Pares URI.csproj", "{19F8C1C3-29F5-4757-929C-632753A612F6}"
EndProject
Global
	GlobalSection(SolutionConfigurationPlatforms) = preSolution
		Debug|Any CPU = Debug|Any CPU
		Release|Any CPU = Release|Any CPU
	EndGlobalSection
	GlobalSection(ProjectConfigurationPlatforms) = postSolution
		{19F8C1C3-29F5-4757-929C-632753A612F6}.Debug|Any CPU.ActiveCfg = Debug|Any CPU
		{19F8C1C3-29F5-4757-929C-632753A612F6}.Debug|Any CPU.Build.0 = Debug|Any CPU
		{19F8C1C3-29F5-4757-929C-632753A612F6}.Release|Any CPU.ActiveCfg = Release|Any CPU
		{19F8C1C3-29F5-4757-929C-632753A612F6}.Release|Any CPU.Build.0 = Release|Any CPU
	EndGlobalSection
	GlobalSection(SolutionProperties) = preSolution
		HideSolutionNode = FALSE
	EndGlobalSection
	GlobalSection(ExtensibilityGlobals) = postSolution
		SolutionGuid = {A46215D4-7B9D-4F64-B49F-FAEB1094ADA1}
	EndGlobalSection
EndGlobal
