
Microsoft Visual Studio Solution File, Format Version 12.00
# Visual Studio Version 16
VisualStudioVersion = 16.0.30225.117
MinimumVisualStudioVersion = 10.0.40219.1
Project("{FAE04EC0-301F-11D3-BF4B-00C04F79EFBC}") = "1017 Gasto de combustivel URI", "1017 Gasto de combustivel URI\1017 Gasto de combustivel URI.csproj", "{9AD44089-C01A-4AA8-A13A-0B7F965BAE60}"
EndProject
Global
	GlobalSection(SolutionConfigurationPlatforms) = preSolution
		Debug|Any CPU = Debug|Any CPU
		Release|Any CPU = Release|Any CPU
	EndGlobalSection
	GlobalSection(ProjectConfigurationPlatforms) = postSolution
		{9AD44089-C01A-4AA8-A13A-0B7F965BAE60}.Debug|Any CPU.ActiveCfg = Debug|Any CPU
		{9AD44089-C01A-4AA8-A13A-0B7F965BAE60}.Debug|Any CPU.Build.0 = Debug|Any CPU
		{9AD44089-C01A-4AA8-A13A-0B7F965BAE60}.Release|Any CPU.ActiveCfg = Release|Any CPU
		{9AD44089-C01A-4AA8-A13A-0B7F965BAE60}.Release|Any CPU.Build.0 = Release|Any CPU
	EndGlobalSection
	GlobalSection(SolutionProperties) = preSolution
		HideSolutionNode = FALSE
	EndGlobalSection
	GlobalSection(ExtensibilityGlobals) = postSolution
		SolutionGuid = {FD5A769D-B79D-4D92-B7D6-D236EAFC9AE5}
	EndGlobalSection
EndGlobal
