
Microsoft Visual Studio Solution File, Format Version 12.00
# Visual Studio Version 16
VisualStudioVersion = 16.0.30309.148
MinimumVisualStudioVersion = 10.0.40219.1
Project("{FAE04EC0-301F-11D3-BF4B-00C04F79EFBC}") = "1047 Tempo de jogo com minutos URI", "1047 Tempo de jogo com minutos URI\1047 Tempo de jogo com minutos URI.csproj", "{9F827428-2699-4271-A7F9-E666AAEB9825}"
EndProject
Global
	GlobalSection(SolutionConfigurationPlatforms) = preSolution
		Debug|Any CPU = Debug|Any CPU
		Release|Any CPU = Release|Any CPU
	EndGlobalSection
	GlobalSection(ProjectConfigurationPlatforms) = postSolution
		{9F827428-2699-4271-A7F9-E666AAEB9825}.Debug|Any CPU.ActiveCfg = Debug|Any CPU
		{9F827428-2699-4271-A7F9-E666AAEB9825}.Debug|Any CPU.Build.0 = Debug|Any CPU
		{9F827428-2699-4271-A7F9-E666AAEB9825}.Release|Any CPU.ActiveCfg = Release|Any CPU
		{9F827428-2699-4271-A7F9-E666AAEB9825}.Release|Any CPU.Build.0 = Release|Any CPU
	EndGlobalSection
	GlobalSection(SolutionProperties) = preSolution
		HideSolutionNode = FALSE
	EndGlobalSection
	GlobalSection(ExtensibilityGlobals) = postSolution
		SolutionGuid = {C0DEDF84-3A04-446D-8966-E2513E014ACB}
	EndGlobalSection
EndGlobal
