
Microsoft Visual Studio Solution File, Format Version 12.00
# Visual Studio Version 16
VisualStudioVersion = 16.0.30320.27
MinimumVisualStudioVersion = 10.0.40219.1
Project("{FAE04EC0-301F-11D3-BF4B-00C04F79EFBC}") = "1159 Soma de Pares Consecutivos URI", "1159 Soma de Pares Consecutivos URI\1159 Soma de Pares Consecutivos URI.csproj", "{570AFFE8-96EA-424E-9E81-BCE360787893}"
EndProject
Global
	GlobalSection(SolutionConfigurationPlatforms) = preSolution
		Debug|Any CPU = Debug|Any CPU
		Release|Any CPU = Release|Any CPU
	EndGlobalSection
	GlobalSection(ProjectConfigurationPlatforms) = postSolution
		{570AFFE8-96EA-424E-9E81-BCE360787893}.Debug|Any CPU.ActiveCfg = Debug|Any CPU
		{570AFFE8-96EA-424E-9E81-BCE360787893}.Debug|Any CPU.Build.0 = Debug|Any CPU
		{570AFFE8-96EA-424E-9E81-BCE360787893}.Release|Any CPU.ActiveCfg = Release|Any CPU
		{570AFFE8-96EA-424E-9E81-BCE360787893}.Release|Any CPU.Build.0 = Release|Any CPU
	EndGlobalSection
	GlobalSection(SolutionProperties) = preSolution
		HideSolutionNode = FALSE
	EndGlobalSection
	GlobalSection(ExtensibilityGlobals) = postSolution
		SolutionGuid = {9615EF4D-2227-444B-BA70-7A7B1FA4DD86}
	EndGlobalSection
EndGlobal
