
Microsoft Visual Studio Solution File, Format Version 12.00
# Visual Studio Version 16
VisualStudioVersion = 16.0.30309.148
MinimumVisualStudioVersion = 10.0.40219.1
Project("{FAE04EC0-301F-11D3-BF4B-00C04F79EFBC}") = "1046 Tempo de jogo URI", "1046 Tempo de jogo URI\1046 Tempo de jogo URI.csproj", "{8A769F68-411C-410D-8115-F4849CDBAE67}"
EndProject
Global
	GlobalSection(SolutionConfigurationPlatforms) = preSolution
		Debug|Any CPU = Debug|Any CPU
		Release|Any CPU = Release|Any CPU
	EndGlobalSection
	GlobalSection(ProjectConfigurationPlatforms) = postSolution
		{8A769F68-411C-410D-8115-F4849CDBAE67}.Debug|Any CPU.ActiveCfg = Debug|Any CPU
		{8A769F68-411C-410D-8115-F4849CDBAE67}.Debug|Any CPU.Build.0 = Debug|Any CPU
		{8A769F68-411C-410D-8115-F4849CDBAE67}.Release|Any CPU.ActiveCfg = Release|Any CPU
		{8A769F68-411C-410D-8115-F4849CDBAE67}.Release|Any CPU.Build.0 = Release|Any CPU
	EndGlobalSection
	GlobalSection(SolutionProperties) = preSolution
		HideSolutionNode = FALSE
	EndGlobalSection
	GlobalSection(ExtensibilityGlobals) = postSolution
		SolutionGuid = {D1310669-DE0F-4152-992E-D03A28933010}
	EndGlobalSection
EndGlobal
