
Microsoft Visual Studio Solution File, Format Version 12.00
# Visual Studio Version 16
VisualStudioVersion = 16.0.30225.117
MinimumVisualStudioVersion = 10.0.40219.1
Project("{FAE04EC0-301F-11D3-BF4B-00C04F79EFBC}") = "1020 Idade em dias URI", "1020 Idade em dias URI\1020 Idade em dias URI.csproj", "{3AB25CA3-68ED-4152-B912-38AAB98E5B0F}"
EndProject
Global
	GlobalSection(SolutionConfigurationPlatforms) = preSolution
		Debug|Any CPU = Debug|Any CPU
		Release|Any CPU = Release|Any CPU
	EndGlobalSection
	GlobalSection(ProjectConfigurationPlatforms) = postSolution
		{3AB25CA3-68ED-4152-B912-38AAB98E5B0F}.Debug|Any CPU.ActiveCfg = Debug|Any CPU
		{3AB25CA3-68ED-4152-B912-38AAB98E5B0F}.Debug|Any CPU.Build.0 = Debug|Any CPU
		{3AB25CA3-68ED-4152-B912-38AAB98E5B0F}.Release|Any CPU.ActiveCfg = Release|Any CPU
		{3AB25CA3-68ED-4152-B912-38AAB98E5B0F}.Release|Any CPU.Build.0 = Release|Any CPU
	EndGlobalSection
	GlobalSection(SolutionProperties) = preSolution
		HideSolutionNode = FALSE
	EndGlobalSection
	GlobalSection(ExtensibilityGlobals) = postSolution
		SolutionGuid = {A083803F-D4C8-490B-83F9-8999B49A9AAF}
	EndGlobalSection
EndGlobal
