
Microsoft Visual Studio Solution File, Format Version 12.00
# Visual Studio Version 16
VisualStudioVersion = 16.0.30320.27
MinimumVisualStudioVersion = 10.0.40219.1
Project("{FAE04EC0-301F-11D3-BF4B-00C04F79EFBC}") = "1075 Resto 2 URI", "1075 Resto 2 URI\1075 Resto 2 URI.csproj", "{0B92385E-9F01-4709-B8F7-58AB0AF91557}"
EndProject
Global
	GlobalSection(SolutionConfigurationPlatforms) = preSolution
		Debug|Any CPU = Debug|Any CPU
		Release|Any CPU = Release|Any CPU
	EndGlobalSection
	GlobalSection(ProjectConfigurationPlatforms) = postSolution
		{0B92385E-9F01-4709-B8F7-58AB0AF91557}.Debug|Any CPU.ActiveCfg = Debug|Any CPU
		{0B92385E-9F01-4709-B8F7-58AB0AF91557}.Debug|Any CPU.Build.0 = Debug|Any CPU
		{0B92385E-9F01-4709-B8F7-58AB0AF91557}.Release|Any CPU.ActiveCfg = Release|Any CPU
		{0B92385E-9F01-4709-B8F7-58AB0AF91557}.Release|Any CPU.Build.0 = Release|Any CPU
	EndGlobalSection
	GlobalSection(SolutionProperties) = preSolution
		HideSolutionNode = FALSE
	EndGlobalSection
	GlobalSection(ExtensibilityGlobals) = postSolution
		SolutionGuid = {10FB40EC-52B3-490A-BBBC-9BC204A90A49}
	EndGlobalSection
EndGlobal
