
Microsoft Visual Studio Solution File, Format Version 12.00
# Visual Studio Version 16
VisualStudioVersion = 16.0.30225.117
MinimumVisualStudioVersion = 10.0.40219.1
Project("{FAE04EC0-301F-11D3-BF4B-00C04F79EFBC}") = "1013 O maior URI", "1013 O maior URI\1013 O maior URI.csproj", "{112B2543-E44A-4DD7-BDEB-E332D40D62C6}"
EndProject
Global
	GlobalSection(SolutionConfigurationPlatforms) = preSolution
		Debug|Any CPU = Debug|Any CPU
		Release|Any CPU = Release|Any CPU
	EndGlobalSection
	GlobalSection(ProjectConfigurationPlatforms) = postSolution
		{112B2543-E44A-4DD7-BDEB-E332D40D62C6}.Debug|Any CPU.ActiveCfg = Debug|Any CPU
		{112B2543-E44A-4DD7-BDEB-E332D40D62C6}.Debug|Any CPU.Build.0 = Debug|Any CPU
		{112B2543-E44A-4DD7-BDEB-E332D40D62C6}.Release|Any CPU.ActiveCfg = Release|Any CPU
		{112B2543-E44A-4DD7-BDEB-E332D40D62C6}.Release|Any CPU.Build.0 = Release|Any CPU
	EndGlobalSection
	GlobalSection(SolutionProperties) = preSolution
		HideSolutionNode = FALSE
	EndGlobalSection
	GlobalSection(ExtensibilityGlobals) = postSolution
		SolutionGuid = {7DB575C2-B9B0-4C52-86E3-118F8DF933FB}
	EndGlobalSection
EndGlobal
