
Microsoft Visual Studio Solution File, Format Version 12.00
# Visual Studio Version 16
VisualStudioVersion = 16.0.31424.327
MinimumVisualStudioVersion = 10.0.40219.1
Project("{FAE04EC0-301F-11D3-BF4B-00C04F79EFBC}") = "1174 Selecao em Vetor I URI", "1174 Selecao em Vetor I URI\1174 Selecao em Vetor I URI.csproj", "{94E30AD0-3CA2-43CC-9B87-2FEAF639C42D}"
EndProject
Global
	GlobalSection(SolutionConfigurationPlatforms) = preSolution
		Debug|Any CPU = Debug|Any CPU
		Release|Any CPU = Release|Any CPU
	EndGlobalSection
	GlobalSection(ProjectConfigurationPlatforms) = postSolution
		{94E30AD0-3CA2-43CC-9B87-2FEAF639C42D}.Debug|Any CPU.ActiveCfg = Debug|Any CPU
		{94E30AD0-3CA2-43CC-9B87-2FEAF639C42D}.Debug|Any CPU.Build.0 = Debug|Any CPU
		{94E30AD0-3CA2-43CC-9B87-2FEAF639C42D}.Release|Any CPU.ActiveCfg = Release|Any CPU
		{94E30AD0-3CA2-43CC-9B87-2FEAF639C42D}.Release|Any CPU.Build.0 = Release|Any CPU
	EndGlobalSection
	GlobalSection(SolutionProperties) = preSolution
		HideSolutionNode = FALSE
	EndGlobalSection
	GlobalSection(ExtensibilityGlobals) = postSolution
		SolutionGuid = {5DCBB084-A20C-4095-8A2D-85620B0496A3}
	EndGlobalSection
EndGlobal
