
Microsoft Visual Studio Solution File, Format Version 12.00
# Visual Studio Version 16
VisualStudioVersion = 16.0.32002.261
MinimumVisualStudioVersion = 10.0.40219.1
Project("{FAE04EC0-301F-11D3-BF4B-00C04F79EFBC}") = "2344 Notas da Prova URI", "2344 Notas da Prova URI\2344 Notas da Prova URI.csproj", "{4EACDA0F-D513-4F40-8B8A-B6AE1F0F3343}"
EndProject
Global
	GlobalSection(SolutionConfigurationPlatforms) = preSolution
		Debug|Any CPU = Debug|Any CPU
		Release|Any CPU = Release|Any CPU
	EndGlobalSection
	GlobalSection(ProjectConfigurationPlatforms) = postSolution
		{4EACDA0F-D513-4F40-8B8A-B6AE1F0F3343}.Debug|Any CPU.ActiveCfg = Debug|Any CPU
		{4EACDA0F-D513-4F40-8B8A-B6AE1F0F3343}.Debug|Any CPU.Build.0 = Debug|Any CPU
		{4EACDA0F-D513-4F40-8B8A-B6AE1F0F3343}.Release|Any CPU.ActiveCfg = Release|Any CPU
		{4EACDA0F-D513-4F40-8B8A-B6AE1F0F3343}.Release|Any CPU.Build.0 = Release|Any CPU
	EndGlobalSection
	GlobalSection(SolutionProperties) = preSolution
		HideSolutionNode = FALSE
	EndGlobalSection
	GlobalSection(ExtensibilityGlobals) = postSolution
		SolutionGuid = {B788A33A-BFBC-4CB7-9709-B6A416BE858A}
	EndGlobalSection
EndGlobal
