
Microsoft Visual Studio Solution File, Format Version 12.00
# Visual Studio Version 16
VisualStudioVersion = 16.0.30225.117
MinimumVisualStudioVersion = 10.0.40219.1
Project("{FAE04EC0-301F-11D3-BF4B-00C04F79EFBC}") = "1021 Notas e Moedas URI", "1021 Notas e Moedas URI\1021 Notas e Moedas URI.csproj", "{F4B36EEB-7B24-4D5E-9FE4-C9756427F777}"
EndProject
Global
	GlobalSection(SolutionConfigurationPlatforms) = preSolution
		Debug|Any CPU = Debug|Any CPU
		Release|Any CPU = Release|Any CPU
	EndGlobalSection
	GlobalSection(ProjectConfigurationPlatforms) = postSolution
		{F4B36EEB-7B24-4D5E-9FE4-C9756427F777}.Debug|Any CPU.ActiveCfg = Debug|Any CPU
		{F4B36EEB-7B24-4D5E-9FE4-C9756427F777}.Debug|Any CPU.Build.0 = Debug|Any CPU
		{F4B36EEB-7B24-4D5E-9FE4-C9756427F777}.Release|Any CPU.ActiveCfg = Release|Any CPU
		{F4B36EEB-7B24-4D5E-9FE4-C9756427F777}.Release|Any CPU.Build.0 = Release|Any CPU
	EndGlobalSection
	GlobalSection(SolutionProperties) = preSolution
		HideSolutionNode = FALSE
	EndGlobalSection
	GlobalSection(ExtensibilityGlobals) = postSolution
		SolutionGuid = {F7F2816A-3153-450F-A1FF-B3B39BD53996}
	EndGlobalSection
EndGlobal
