
Microsoft Visual Studio Solution File, Format Version 12.00
# Visual Studio Version 16
VisualStudioVersion = 16.0.30225.117
MinimumVisualStudioVersion = 10.0.40219.1
Project("{FAE04EC0-301F-11D3-BF4B-00C04F79EFBC}") = "1018 Cedulas URI", "1018 Cedulas URI\1018 Cedulas URI.csproj", "{EAA037C0-7026-4F03-ADD7-0DDFF39670C0}"
EndProject
Global
	GlobalSection(SolutionConfigurationPlatforms) = preSolution
		Debug|Any CPU = Debug|Any CPU
		Release|Any CPU = Release|Any CPU
	EndGlobalSection
	GlobalSection(ProjectConfigurationPlatforms) = postSolution
		{EAA037C0-7026-4F03-ADD7-0DDFF39670C0}.Debug|Any CPU.ActiveCfg = Debug|Any CPU
		{EAA037C0-7026-4F03-ADD7-0DDFF39670C0}.Debug|Any CPU.Build.0 = Debug|Any CPU
		{EAA037C0-7026-4F03-ADD7-0DDFF39670C0}.Release|Any CPU.ActiveCfg = Release|Any CPU
		{EAA037C0-7026-4F03-ADD7-0DDFF39670C0}.Release|Any CPU.Build.0 = Release|Any CPU
	EndGlobalSection
	GlobalSection(SolutionProperties) = preSolution
		HideSolutionNode = FALSE
	EndGlobalSection
	GlobalSection(ExtensibilityGlobals) = postSolution
		SolutionGuid = {7DF4A8D2-47A8-4F6D-AD2B-753E709F6D19}
	EndGlobalSection
EndGlobal
