
Microsoft Visual Studio Solution File, Format Version 12.00
# Visual Studio Version 16
VisualStudioVersion = 16.0.30225.117
MinimumVisualStudioVersion = 10.0.40219.1
Project("{FAE04EC0-301F-11D3-BF4B-00C04F79EFBC}") = "1019 Conversaode tempo URI", "1019 Conversaode tempo URI\1019 Conversaode tempo URI.csproj", "{6465ABA8-0E47-4666-91BF-E959BF82C117}"
EndProject
Global
	GlobalSection(SolutionConfigurationPlatforms) = preSolution
		Debug|Any CPU = Debug|Any CPU
		Release|Any CPU = Release|Any CPU
	EndGlobalSection
	GlobalSection(ProjectConfigurationPlatforms) = postSolution
		{6465ABA8-0E47-4666-91BF-E959BF82C117}.Debug|Any CPU.ActiveCfg = Debug|Any CPU
		{6465ABA8-0E47-4666-91BF-E959BF82C117}.Debug|Any CPU.Build.0 = Debug|Any CPU
		{6465ABA8-0E47-4666-91BF-E959BF82C117}.Release|Any CPU.ActiveCfg = Release|Any CPU
		{6465ABA8-0E47-4666-91BF-E959BF82C117}.Release|Any CPU.Build.0 = Release|Any CPU
	EndGlobalSection
	GlobalSection(SolutionProperties) = preSolution
		HideSolutionNode = FALSE
	EndGlobalSection
	GlobalSection(ExtensibilityGlobals) = postSolution
		SolutionGuid = {DB61E03F-7161-4C20-8237-51C812B9EE30}
	EndGlobalSection
EndGlobal
