
Microsoft Visual Studio Solution File, Format Version 12.00
# Visual Studio Version 16
VisualStudioVersion = 16.0.30320.27
MinimumVisualStudioVersion = 10.0.40219.1
Project("{FAE04EC0-301F-11D3-BF4B-00C04F79EFBC}") = "1116 Dividindo X por Y URI", "1116 Dividindo X por Y URI\1116 Dividindo X por Y URI.csproj", "{FCC147E5-27FA-4B42-A427-7519BB0DF1A7}"
EndProject
Global
	GlobalSection(SolutionConfigurationPlatforms) = preSolution
		Debug|Any CPU = Debug|Any CPU
		Release|Any CPU = Release|Any CPU
	EndGlobalSection
	GlobalSection(ProjectConfigurationPlatforms) = postSolution
		{FCC147E5-27FA-4B42-A427-7519BB0DF1A7}.Debug|Any CPU.ActiveCfg = Debug|Any CPU
		{FCC147E5-27FA-4B42-A427-7519BB0DF1A7}.Debug|Any CPU.Build.0 = Debug|Any CPU
		{FCC147E5-27FA-4B42-A427-7519BB0DF1A7}.Release|Any CPU.ActiveCfg = Release|Any CPU
		{FCC147E5-27FA-4B42-A427-7519BB0DF1A7}.Release|Any CPU.Build.0 = Release|Any CPU
	EndGlobalSection
	GlobalSection(SolutionProperties) = preSolution
		HideSolutionNode = FALSE
	EndGlobalSection
	GlobalSection(ExtensibilityGlobals) = postSolution
		SolutionGuid = {726C3339-200F-4F07-9480-7CA90E2FB873}
	EndGlobalSection
EndGlobal
