
Microsoft Visual Studio Solution File, Format Version 12.00
# Visual Studio Version 16
VisualStudioVersion = 16.0.30320.27
MinimumVisualStudioVersion = 10.0.40219.1
Project("{FAE04EC0-301F-11D3-BF4B-00C04F79EFBC}") = "1095 Sequencia IJ 1 URI", "1095 Sequencia IJ 1 URI\1095 Sequencia IJ 1 URI.csproj", "{EE03321A-E3B7-4399-839A-E3E810FF7F9B}"
EndProject
Global
	GlobalSection(SolutionConfigurationPlatforms) = preSolution
		Debug|Any CPU = Debug|Any CPU
		Release|Any CPU = Release|Any CPU
	EndGlobalSection
	GlobalSection(ProjectConfigurationPlatforms) = postSolution
		{EE03321A-E3B7-4399-839A-E3E810FF7F9B}.Debug|Any CPU.ActiveCfg = Debug|Any CPU
		{EE03321A-E3B7-4399-839A-E3E810FF7F9B}.Debug|Any CPU.Build.0 = Debug|Any CPU
		{EE03321A-E3B7-4399-839A-E3E810FF7F9B}.Release|Any CPU.ActiveCfg = Release|Any CPU
		{EE03321A-E3B7-4399-839A-E3E810FF7F9B}.Release|Any CPU.Build.0 = Release|Any CPU
	EndGlobalSection
	GlobalSection(SolutionProperties) = preSolution
		HideSolutionNode = FALSE
	EndGlobalSection
	GlobalSection(ExtensibilityGlobals) = postSolution
		SolutionGuid = {4AD92D88-428A-4FBE-B510-999C2930DFAC}
	EndGlobalSection
EndGlobal
