
Microsoft Visual Studio Solution File, Format Version 12.00
# Visual Studio Version 16
VisualStudioVersion = 16.0.30225.117
MinimumVisualStudioVersion = 10.0.40219.1
Project("{FAE04EC0-301F-11D3-BF4B-00C04F79EFBC}") = "1001 Extremamente basico URI", "1001 Extremamente basico URI\1001 Extremamente basico URI.csproj", "{A41C659C-5ECE-4F74-9781-02D27E18D811}"
EndProject
Global
	GlobalSection(SolutionConfigurationPlatforms) = preSolution
		Debug|Any CPU = Debug|Any CPU
		Release|Any CPU = Release|Any CPU
	EndGlobalSection
	GlobalSection(ProjectConfigurationPlatforms) = postSolution
		{A41C659C-5ECE-4F74-9781-02D27E18D811}.Debug|Any CPU.ActiveCfg = Debug|Any CPU
		{A41C659C-5ECE-4F74-9781-02D27E18D811}.Debug|Any CPU.Build.0 = Debug|Any CPU
		{A41C659C-5ECE-4F74-9781-02D27E18D811}.Release|Any CPU.ActiveCfg = Release|Any CPU
		{A41C659C-5ECE-4F74-9781-02D27E18D811}.Release|Any CPU.Build.0 = Release|Any CPU
	EndGlobalSection
	GlobalSection(SolutionProperties) = preSolution
		HideSolutionNode = FALSE
	EndGlobalSection
	GlobalSection(ExtensibilityGlobals) = postSolution
		SolutionGuid = {4CC75EC7-618C-40DE-A54F-51777B194106}
	EndGlobalSection
EndGlobal
