
Microsoft Visual Studio Solution File, Format Version 12.00
# Visual Studio Version 16
VisualStudioVersion = 16.0.30320.27
MinimumVisualStudioVersion = 10.0.40219.1
Project("{FAE04EC0-301F-11D3-BF4B-00C04F79EFBC}") = "1153 Fatorial Simples URI", "1153 Fatorial Simples URI\1153 Fatorial Simples URI.csproj", "{F4B67E0F-991D-4EA9-97D8-C03445CAA332}"
EndProject
Global
	GlobalSection(SolutionConfigurationPlatforms) = preSolution
		Debug|Any CPU = Debug|Any CPU
		Release|Any CPU = Release|Any CPU
	EndGlobalSection
	GlobalSection(ProjectConfigurationPlatforms) = postSolution
		{F4B67E0F-991D-4EA9-97D8-C03445CAA332}.Debug|Any CPU.ActiveCfg = Debug|Any CPU
		{F4B67E0F-991D-4EA9-97D8-C03445CAA332}.Debug|Any CPU.Build.0 = Debug|Any CPU
		{F4B67E0F-991D-4EA9-97D8-C03445CAA332}.Release|Any CPU.ActiveCfg = Release|Any CPU
		{F4B67E0F-991D-4EA9-97D8-C03445CAA332}.Release|Any CPU.Build.0 = Release|Any CPU
	EndGlobalSection
	GlobalSection(SolutionProperties) = preSolution
		HideSolutionNode = FALSE
	EndGlobalSection
	GlobalSection(ExtensibilityGlobals) = postSolution
		SolutionGuid = {6EAA3BFB-46BF-4CDA-BB05-4C2486B2CC26}
	EndGlobalSection
EndGlobal
