
Microsoft Visual Studio Solution File, Format Version 12.00
# Visual Studio Version 16
VisualStudioVersion = 16.0.30309.148
MinimumVisualStudioVersion = 10.0.40219.1
Project("{FAE04EC0-301F-11D3-BF4B-00C04F79EFBC}") = "1035 Teste de Selecao 1 URI", "1035 Teste de Selecao 1 URI\1035 Teste de Selecao 1 URI.csproj", "{14F41220-E5E0-483D-8E4B-71E4090A621F}"
EndProject
Global
	GlobalSection(SolutionConfigurationPlatforms) = preSolution
		Debug|Any CPU = Debug|Any CPU
		Release|Any CPU = Release|Any CPU
	EndGlobalSection
	GlobalSection(ProjectConfigurationPlatforms) = postSolution
		{14F41220-E5E0-483D-8E4B-71E4090A621F}.Debug|Any CPU.ActiveCfg = Debug|Any CPU
		{14F41220-E5E0-483D-8E4B-71E4090A621F}.Debug|Any CPU.Build.0 = Debug|Any CPU
		{14F41220-E5E0-483D-8E4B-71E4090A621F}.Release|Any CPU.ActiveCfg = Release|Any CPU
		{14F41220-E5E0-483D-8E4B-71E4090A621F}.Release|Any CPU.Build.0 = Release|Any CPU
	EndGlobalSection
	GlobalSection(SolutionProperties) = preSolution
		HideSolutionNode = FALSE
	EndGlobalSection
	GlobalSection(ExtensibilityGlobals) = postSolution
		SolutionGuid = {E1126C90-496F-4153-8588-339282175C71}
	EndGlobalSection
EndGlobal
