
Microsoft Visual Studio Solution File, Format Version 12.00
# Visual Studio Version 16
VisualStudioVersion = 16.0.30320.27
MinimumVisualStudioVersion = 10.0.40219.1
Project("{FAE04EC0-301F-11D3-BF4B-00C04F79EFBC}") = "1114 Senha Fixa URI", "1114 Senha Fixa URI\1114 Senha Fixa URI.csproj", "{61472AC1-9BC0-4464-A9FE-054117164275}"
EndProject
Global
	GlobalSection(SolutionConfigurationPlatforms) = preSolution
		Debug|Any CPU = Debug|Any CPU
		Release|Any CPU = Release|Any CPU
	EndGlobalSection
	GlobalSection(ProjectConfigurationPlatforms) = postSolution
		{61472AC1-9BC0-4464-A9FE-054117164275}.Debug|Any CPU.ActiveCfg = Debug|Any CPU
		{61472AC1-9BC0-4464-A9FE-054117164275}.Debug|Any CPU.Build.0 = Debug|Any CPU
		{61472AC1-9BC0-4464-A9FE-054117164275}.Release|Any CPU.ActiveCfg = Release|Any CPU
		{61472AC1-9BC0-4464-A9FE-054117164275}.Release|Any CPU.Build.0 = Release|Any CPU
	EndGlobalSection
	GlobalSection(SolutionProperties) = preSolution
		HideSolutionNode = FALSE
	EndGlobalSection
	GlobalSection(ExtensibilityGlobals) = postSolution
		SolutionGuid = {8E18B9E8-1C54-4DB4-A8C4-10E3C9165AF9}
	EndGlobalSection
EndGlobal
