
Microsoft Visual Studio Solution File, Format Version 12.00
# Visual Studio Version 16
VisualStudioVersion = 16.0.30309.148
MinimumVisualStudioVersion = 10.0.40219.1
Project("{FAE04EC0-301F-11D3-BF4B-00C04F79EFBC}") = "1070 Seis Numeros Impares URI", "1070 Seis Numeros Impares URI\1070 Seis Numeros Impares URI.csproj", "{494D96B3-D171-4DA9-B7AC-B3C5DAB554C8}"
EndProject
Global
	GlobalSection(SolutionConfigurationPlatforms) = preSolution
		Debug|Any CPU = Debug|Any CPU
		Release|Any CPU = Release|Any CPU
	EndGlobalSection
	GlobalSection(ProjectConfigurationPlatforms) = postSolution
		{494D96B3-D171-4DA9-B7AC-B3C5DAB554C8}.Debug|Any CPU.ActiveCfg = Debug|Any CPU
		{494D96B3-D171-4DA9-B7AC-B3C5DAB554C8}.Debug|Any CPU.Build.0 = Debug|Any CPU
		{494D96B3-D171-4DA9-B7AC-B3C5DAB554C8}.Release|Any CPU.ActiveCfg = Release|Any CPU
		{494D96B3-D171-4DA9-B7AC-B3C5DAB554C8}.Release|Any CPU.Build.0 = Release|Any CPU
	EndGlobalSection
	GlobalSection(SolutionProperties) = preSolution
		HideSolutionNode = FALSE
	EndGlobalSection
	GlobalSection(ExtensibilityGlobals) = postSolution
		SolutionGuid = {C5A451B7-759A-49DA-B410-6E4318F5B129}
	EndGlobalSection
EndGlobal
