
Microsoft Visual Studio Solution File, Format Version 12.00
# Visual Studio Version 16
VisualStudioVersion = 16.0.30225.117
MinimumVisualStudioVersion = 10.0.40219.1
Project("{FAE04EC0-301F-11D3-BF4B-00C04F79EFBC}") = "1015 Distancia entre dois pontos URI", "1015 Distancia entre dois pontos URI\1015 Distancia entre dois pontos URI.csproj", "{A4C68EE8-A32D-4421-AA2F-26ECC27CD494}"
EndProject
Global
	GlobalSection(SolutionConfigurationPlatforms) = preSolution
		Debug|Any CPU = Debug|Any CPU
		Release|Any CPU = Release|Any CPU
	EndGlobalSection
	GlobalSection(ProjectConfigurationPlatforms) = postSolution
		{A4C68EE8-A32D-4421-AA2F-26ECC27CD494}.Debug|Any CPU.ActiveCfg = Debug|Any CPU
		{A4C68EE8-A32D-4421-AA2F-26ECC27CD494}.Debug|Any CPU.Build.0 = Debug|Any CPU
		{A4C68EE8-A32D-4421-AA2F-26ECC27CD494}.Release|Any CPU.ActiveCfg = Release|Any CPU
		{A4C68EE8-A32D-4421-AA2F-26ECC27CD494}.Release|Any CPU.Build.0 = Release|Any CPU
	EndGlobalSection
	GlobalSection(SolutionProperties) = preSolution
		HideSolutionNode = FALSE
	EndGlobalSection
	GlobalSection(ExtensibilityGlobals) = postSolution
		SolutionGuid = {331028C9-DF4A-42C0-9975-8412C53561C4}
	EndGlobalSection
EndGlobal
