
Microsoft Visual Studio Solution File, Format Version 12.00
# Visual Studio Version 16
VisualStudioVersion = 16.0.30320.27
MinimumVisualStudioVersion = 10.0.40219.1
Project("{FAE04EC0-301F-11D3-BF4B-00C04F79EFBC}") = "1156 Sequencia S II URI", "1156 Sequencia S II URI\1156 Sequencia S II URI.csproj", "{01AA81A0-CA00-45A3-A462-0E60C743BB22}"
EndProject
Global
	GlobalSection(SolutionConfigurationPlatforms) = preSolution
		Debug|Any CPU = Debug|Any CPU
		Release|Any CPU = Release|Any CPU
	EndGlobalSection
	GlobalSection(ProjectConfigurationPlatforms) = postSolution
		{01AA81A0-CA00-45A3-A462-0E60C743BB22}.Debug|Any CPU.ActiveCfg = Debug|Any CPU
		{01AA81A0-CA00-45A3-A462-0E60C743BB22}.Debug|Any CPU.Build.0 = Debug|Any CPU
		{01AA81A0-CA00-45A3-A462-0E60C743BB22}.Release|Any CPU.ActiveCfg = Release|Any CPU
		{01AA81A0-CA00-45A3-A462-0E60C743BB22}.Release|Any CPU.Build.0 = Release|Any CPU
	EndGlobalSection
	GlobalSection(SolutionProperties) = preSolution
		HideSolutionNode = FALSE
	EndGlobalSection
	GlobalSection(ExtensibilityGlobals) = postSolution
		SolutionGuid = {5AC27625-2833-481B-8BF0-67866EE96CF3}
	EndGlobalSection
EndGlobal
