
Microsoft Visual Studio Solution File, Format Version 12.00
# Visual Studio Version 16
VisualStudioVersion = 16.0.30320.27
MinimumVisualStudioVersion = 10.0.40219.1
Project("{FAE04EC0-301F-11D3-BF4B-00C04F79EFBC}") = "1160 Crescimento Populacional URI", "1160 Crescimento Populacional URI\1160 Crescimento Populacional URI.csproj", "{A12AABB4-B494-4474-8F24-E07720B5AAB2}"
EndProject
Global
	GlobalSection(SolutionConfigurationPlatforms) = preSolution
		Debug|Any CPU = Debug|Any CPU
		Release|Any CPU = Release|Any CPU
	EndGlobalSection
	GlobalSection(ProjectConfigurationPlatforms) = postSolution
		{A12AABB4-B494-4474-8F24-E07720B5AAB2}.Debug|Any CPU.ActiveCfg = Debug|Any CPU
		{A12AABB4-B494-4474-8F24-E07720B5AAB2}.Debug|Any CPU.Build.0 = Debug|Any CPU
		{A12AABB4-B494-4474-8F24-E07720B5AAB2}.Release|Any CPU.ActiveCfg = Release|Any CPU
		{A12AABB4-B494-4474-8F24-E07720B5AAB2}.Release|Any CPU.Build.0 = Release|Any CPU
	EndGlobalSection
	GlobalSection(SolutionProperties) = preSolution
		HideSolutionNode = FALSE
	EndGlobalSection
	GlobalSection(ExtensibilityGlobals) = postSolution
		SolutionGuid = {D616B762-1135-4B18-8D55-BE9A6873DD57}
	EndGlobalSection
EndGlobal
